// !$*UTF8*$!
{
	archiveVersion = 1;
	classes = {
	};
	objectVersion = 56;
	objects = {

/* Begin PBXBuildFile section */
		F10CD67B2BD7051600514CD7 /* AppDelegate.swift in Sources */ = {isa = PBXBuildFile; fileRef = F10CD67A2BD7051600514CD7 /* AppDelegate.swift */; };
		F10CD67D2BD7051600514CD7 /* SceneDelegate.swift in Sources */ = {isa = PBXBuildFile; fileRef = F10CD67C2BD7051600514CD7 /* SceneDelegate.swift */; };
		F10CD67F2BD7051600514CD7 /* ViewController.swift in Sources */ = {isa = PBXBuildFile; fileRef = F10CD67E2BD7051600514CD7 /* ViewController.swift */; };
		F10CD6822BD7051600514CD7 /* Base in Resources */ = {isa = PBXBuildFile; fileRef = F10CD6812BD7051600514CD7 /* Base */; };
		F10CD6842BD7051800514CD7 /* Assets.xcassets in Resources */ = {isa = PBXBuildFile; fileRef = F10CD6832BD7051800514CD7 /* Assets.xcassets */; };
		F10CD6872BD7051800514CD7 /* Base in Resources */ = {isa = PBXBuildFile; fileRef = F10CD6862BD7051800514CD7 /* Base */; };
		F10CD68F2BD7057400514CD7 /* CatService.swift in Sources */ = {isa = PBXBuildFile; fileRef = F10CD68E2BD7057400514CD7 /* CatService.swift */; };
		F10CD6912BD7077D00514CD7 /* CatModel.swift in Sources */ = {isa = PBXBuildFile; fileRef = F10CD6902BD7077D00514CD7 /* CatModel.swift */; };
		F10CD6932BD709EF00514CD7 /* FoxService.swift in Sources */ = {isa = PBXBuildFile; fileRef = F10CD6922BD709EF00514CD7 /* FoxService.swift */; };
		F10CD6952BD709F500514CD7 /* FoxModel.swift in Sources */ = {isa = PBXBuildFile; fileRef = F10CD6942BD709F500514CD7 /* FoxModel.swift */; };
/* End PBXBuildFile section */

/* Begin PBXFileReference section */
		F10CD6772BD7051600514CD7 /* APISample.app */ = {isa = PBXFileReference; explicitFileType = wrapper.application; includeInIndex = 0; path = APISample.app; sourceTree = BUILT_PRODUCTS_DIR; };
		F10CD67A2BD7051600514CD7 /* AppDelegate.swift */ = {isa = PBXFileReference; lastKnownFileType = sourcecode.swift; path = AppDelegate.swift; sourceTree = "<group>"; };
		F10CD67C2BD7051600514CD7 /* SceneDelegate.swift */ = {isa = PBXFileReference; lastKnownFileType = sourcecode.swift; path = SceneDelegate.swift; sourceTree = "<group>"; };
		F10CD67E2BD7051600514CD7 /* ViewController.swift */ = {isa = PBXFileReference; lastKnownFileType = sourcecode.swift; path = ViewController.swift; sourceTree = "<group>"; };
		F10CD6812BD7051600514CD7 /* Base */ = {isa = PBXFileReference; lastKnownFileType = file.storyboard; name = Base; path = Base.lproj/Main.storyboard; sourceTree = "<group>"; };
		F10CD6832BD7051800514CD7 /* Assets.xcassets */ = {isa = PBXFileReference; lastKnownFileType = folder.assetcatalog; path = Assets.xcassets; sourceTree = "<group>"; };
		F10CD6862BD7051800514CD7 /* Base */ = {isa = PBXFileReference; lastKnownFileType = file.storyboard; name = Base; path = Base.lproj/LaunchScreen.storyboard; sourceTree = "<group>"; };
		F10CD6882BD7051800514CD7 /* Info.plist */ = {isa = PBXFileReference; lastKnownFileType = text.plist.xml; path = Info.plist; sourceTree = "<group>"; };
		F10CD68E2BD7057400514CD7 /* CatService.swift */ = {isa = PBXFileReference; lastKnownFileType = sourcecode.swift; path = CatService.swift; sourceTree = "<group>"; };
		F10CD6902BD7077D00514CD7 /* CatModel.swift */ = {isa = PBXFileReference; lastKnownFileType = sourcecode.swift; path = CatModel.swift; sourceTree = "<group>"; };
		F10CD6922BD709EF00514CD7 /* FoxService.swift */ = {isa = PBXFileReference; lastKnownFileType = sourcecode.swift; path = FoxService.swift; sourceTree = "<group>"; };
		F10CD6942BD709F500514CD7 /* FoxModel.swift */ = {isa = PBXFileReference; lastKnownFileType = sourcecode.swift; path = FoxModel.swift; sourceTree = "<group>"; };
/* End PBXFileReference section */

/* Begin PBXFrameworksBuildPhase section */
		F10CD6742BD7051600514CD7 /* Frameworks */ = {
			isa = PBXFrameworksBuildPhase;
			buildActionMask = 2147483647;
			files = (
			);
			runOnlyForDeploymentPostprocessing = 0;
		};
/* End PBXFrameworksBuildPhase section */

/* Begin PBXGroup section */
		F10CD66E2BD7051600514CD7 = {
			isa = PBXGroup;
			children = (
				F10CD6792BD7051600514CD7 /* APISample */,
				F10CD6782BD7051600514CD7 /* Products */,
			);
			sourceTree = "<group>";
		};
		F10CD6782BD7051600514CD7 /* Products */ = {
			isa = PBXGroup;
			children = (
				F10CD6772BD7051600514CD7 /* APISample.app */,
			);
			name = Products;
			sourceTree = "<group>";
		};
		F10CD6792BD7051600514CD7 /* APISample */ = {
			isa = PBXGroup;
			children = (
				F10CD67A2BD7051600514CD7 /* AppDelegate.swift */,
				F10CD67C2BD7051600514CD7 /* SceneDelegate.swift */,
				F10CD67E2BD7051600514CD7 /* ViewController.swift */,
				F10CD68E2BD7057400514CD7 /* CatService.swift */,
				F10CD6902BD7077D00514CD7 /* CatModel.swift */,
				F10CD6802BD7051600514CD7 /* Main.storyboard */,
				F10CD6922BD709EF00514CD7 /* FoxService.swift */,
				F10CD6942BD709F500514CD7 /* FoxModel.swift */,
				F10CD6832BD7051800514CD7 /* Assets.xcassets */,
				F10CD6852BD7051800514CD7 /* LaunchScreen.storyboard */,
				F10CD6882BD7051800514CD7 /* Info.plist */,
			);
			path = APISample;
			sourceTree = "<group>";
		};
/* End PBXGroup section */

/* Begin PBXNativeTarget section */
		F10CD6762BD7051600514CD7 /* APISample */ = {
			isa = PBXNativeTarget;
			buildConfigurationList = F10CD68B2BD7051800514CD7 /* Build configuration list for PBXNativeTarget "APISample" */;
			buildPhases = (
				F10CD6732BD7051600514CD7 /* Sources */,
				F10CD6742BD7051600514CD7 /* Frameworks */,
				F10CD6752BD7051600514CD7 /* Resources */,
			);
			buildRules = (
			);
			dependencies = (
			);
			name = APISample;
			productName = APISample;
			productReference = F10CD6772BD7051600514CD7 /* APISample.app */;
			productType = "com.apple.product-type.application";
		};
/* End PBXNativeTarget section */

/* Begin PBXProject section */
		F10CD66F2BD7051600514CD7 /* Project object */ = {
			isa = PBXProject;
			attributes = {
				BuildIndependentTargetsInParallel = 1;
				LastSwiftUpdateCheck = 1530;
				LastUpgradeCheck = 1530;
				TargetAttributes = {
					F10CD6762BD7051600514CD7 = {
						CreatedOnToolsVersion = 15.3;
					};
				};
			};
			buildConfigurationList = F10CD6722BD7051600514CD7 /* Build configuration list for PBXProject "APISample" */;
			compatibilityVersion = "Xcode 14.0";
			developmentRegion = en;
			hasScannedForEncodings = 0;
			knownRegions = (
				en,
				Base,
			);
			mainGroup = F10CD66E2BD7051600514CD7;
			productRefGroup = F10CD6782BD7051600514CD7 /* Products */;
			projectDirPath = "";
			projectRoot = "";
			targets = (
				F10CD6762BD7051600514CD7 /* APISample */,
			);
		};
/* End PBXProject section */

/* Begin PBXResourcesBuildPhase section */
		F10CD6752BD7051600514CD7 /* Resources */ = {
			isa = PBXResourcesBuildPhase;
			buildActionMask = 2147483647;
			files = (
				F10CD6842BD7051800514CD7 /* Assets.xcassets in Resources */,
				F10CD6872BD7051800514CD7 /* Base in Resources */,
				F10CD6822BD7051600514CD7 /* Base in Resources */,
			);
			runOnlyForDeploymentPostprocessing = 0;
		};
/* End PBXResourcesBuildPhase section */

/* Begin PBXSourcesBuildPhase section */
		F10CD6732BD7051600514CD7 /* Sources */ = {
			isa = PBXSourcesBuildPhase;
			buildActionMask = 2147483647;
			files = (
				F10CD68F2BD7057400514CD7 /* CatService.swift in Sources */,
				F10CD67F2BD7051600514CD7 /* ViewController.swift in Sources */,
				F10CD67B2BD7051600514CD7 /* AppDelegate.swift in Sources */,
				F10CD6932BD709EF00514CD7 /* FoxService.swift in Sources */,
				F10CD6952BD709F500514CD7 /* FoxModel.swift in Sources */,
				F10CD6912BD7077D00514CD7 /* CatModel.swift in Sources */,
				F10CD67D2BD7051600514CD7 /* SceneDelegate.swift in Sources */,
			);
			runOnlyForDeploymentPostprocessing = 0;
		};
/* End PBXSourcesBuildPhase section */

/* Begin PBXVariantGroup section */
		F10CD6802BD7051600514CD7 /* Main.storyboard */ = {
			isa = PBXVariantGroup;
			children = (
				F10CD6812BD7051600514CD7 /* Base */,
			);
			name = Main.storyboard;
			sourceTree = "<group>";
		};
		F10CD6852BD7051800514CD7 /* LaunchScreen.storyboard */ = {
			isa = PBXVariantGroup;
			children = (
				F10CD6862BD7051800514CD7 /* Base */,
			);
			name = LaunchScreen.storyboard;
			sourceTree = "<group>";
		};
/* End PBXVariantGroup section */

/* Begin XCBuildConfiguration section */
		F10CD6892BD7051800514CD7 /* Debug */ = {
			isa = XCBuildConfiguration;
			buildSettings = {
				ALWAYS_SEARCH_USER_PATHS = NO;
				ASSETCATALOG_COMPILER_GENERATE_SWIFT_ASSET_SYMBOL_EXTENSIONS = YES;
				CLANG_ANALYZER_NONNULL = YES;
				CLANG_ANALYZER_NUMBER_OBJECT_CONVERSION = YES_AGGRESSIVE;
				CLANG_CXX_LANGUAGE_STANDARD = "gnu++20";
				CLANG_ENABLE_MODULES = YES;
				CLANG_ENABLE_OBJC_ARC = YES;
				CLANG_ENABLE_OBJC_WEAK = YES;
				CLANG_WARN_BLOCK_CAPTURE_AUTORELEASING = YES;
				CLANG_WARN_BOOL_CONVERSION = YES;
				CLANG_WARN_COMMA = YES;
				CLANG_WARN_CONSTANT_CONVERSION = YES;
				CLANG_WARN_DEPRECATED_OBJC_IMPLEMENTATIONS = YES;
				CLANG_WARN_DIRECT_OBJC_ISA_USAGE = YES_ERROR;
				CLANG_WARN_DOCUMENTATION_COMMENTS = YES;
				CLANG_WARN_EMPTY_BODY = YES;
				CLANG_WARN_ENUM_CONVERSION = YES;
				CLANG_WARN_INFINITE_RECURSION = YES;
				CLANG_WARN_INT_CONVERSION = YES;
				CLANG_WARN_NON_LITERAL_NULL_CONVERSION = YES;
				CLANG_WARN_OBJC_IMPLICIT_RETAIN_SELF = YES;
				CLANG_WARN_OBJC_LITERAL_CONVERSION = YES;
				CLANG_WARN_OBJC_ROOT_CLASS = YES_ERROR;
				CLANG_WARN_QUOTED_INCLUDE_IN_FRAMEWORK_HEADER = YES;
				CLANG_WARN_RANGE_LOOP_ANALYSIS = YES;
				CLANG_WARN_STRICT_PROTOTYPES = YES;
				CLANG_WARN_SUSPICIOUS_MOVE = YES;
				CLANG_WARN_UNGUARDED_AVAILABILITY = YES_AGGRESSIVE;
				CLANG_WARN_UNREACHABLE_CODE = YES;
				CLANG_WARN__DUPLICATE_METHOD_MATCH = YES;
				COPY_PHASE_STRIP = NO;
				DEBUG_INFORMATION_FORMAT = dwarf;
				ENABLE_STRICT_OBJC_MSGSEND = YES;
				ENABLE_TESTABILITY = YES;
				ENABLE_USER_SCRIPT_SANDBOXING = YES;
				GCC_C_LANGUAGE_STANDARD = gnu17;
				GCC_DYNAMIC_NO_PIC = NO;
				GCC_NO_COMMON_BLOCKS = YES;
				GCC_OPTIMIZATION_LEVEL = 0;
				GCC_PREPROCESSOR_DEFINITIONS = (
					"DEBUG=1",
					"$(inherited)",
				);
				GCC_WARN_64_TO_32_BIT_CONVERSION = YES;
				GCC_WARN_ABOUT_RETURN_TYPE = YES_ERROR;
				GCC_WARN_UNDECLARED_SELECTOR = YES;
				GCC_WARN_UNINITIALIZED_AUTOS = YES_AGGRESSIVE;
				GCC_WARN_UNUSED_FUNCTION = YES;
				GCC_WARN_UNUSED_VARIABLE = YES;
				IPHONEOS_DEPLOYMENT_TARGET = 17.4;
				LOCALIZATION_PREFERS_STRING_CATALOGS = YES;
				MTL_ENABLE_DEBUG_INFO = INCLUDE_SOURCE;
				MTL_FAST_MATH = YES;
				ONLY_ACTIVE_ARCH = YES;
				SDKROOT = iphoneos;
				SWIFT_ACTIVE_COMPILATION_CONDITIONS = "DEBUG $(inherited)";
				SWIFT_OPTIMIZATION_LEVEL = "-Onone";
			};
			name = Debug;
		};
		F10CD68A2BD7051800514CD7 /* Release */ = {
			isa = XCBuildConfiguration;
			buildSettings = {
				ALWAYS_SEARCH_USER_PATHS = NO;
				ASSETCATALOG_COMPILER_GENERATE_SWIFT_ASSET_SYMBOL_EXTENSIONS = YES;
				CLANG_ANALYZER_NONNULL = YES;
				CLANG_ANALYZER_NUMBER_OBJECT_CONVERSION = YES_AGGRESSIVE;
				CLANG_CXX_LANGUAGE_STANDARD = "gnu++20";
				CLANG_ENABLE_MODULES = YES;
				CLANG_ENABLE_OBJC_ARC = YES;
				CLANG_ENABLE_OBJC_WEAK = YES;
				CLANG_WARN_BLOCK_CAPTURE_AUTORELEASING = YES;
				CLANG_WARN_BOOL_CONVERSION = YES;
				CLANG_WARN_COMMA = YES;
				CLANG_WARN_CONSTANT_CONVERSION = YES;
				CLANG_WARN_DEPRECATED_OBJC_IMPLEMENTATIONS = YES;
				CLANG_WARN_DIRECT_OBJC_ISA_USAGE = YES_ERROR;
				CLANG_WARN_DOCUMENTATION_COMMENTS = YES;
				CLANG_WARN_EMPTY_BODY = YES;
				CLANG_WARN_ENUM_CONVERSION = YES;
				CLANG_WARN_INFINITE_RECURSION = YES;
				CLANG_WARN_INT_CONVERSION = YES;
				CLANG_WARN_NON_LITERAL_NULL_CONVERSION = YES;
				CLANG_WARN_OBJC_IMPLICIT_RETAIN_SELF = YES;
				CLANG_WARN_OBJC_LITERAL_CONVERSION = YES;
				CLANG_WARN_OBJC_ROOT_CLASS = YES_ERROR;
				CLANG_WARN_QUOTED_INCLUDE_IN_FRAMEWORK_HEADER = YES;
				CLANG_WARN_RANGE_LOOP_ANALYSIS = YES;
				CLANG_WARN_STRICT_PROTOTYPES = YES;
				CLANG_WARN_SUSPICIOUS_MOVE = YES;
				CLANG_WARN_UNGUARDED_AVAILABILITY = YES_AGGRESSIVE;
				CLANG_WARN_UNREACHABLE_CODE = YES;
				CLANG_WARN__DUPLICATE_METHOD_MATCH = YES;
				COPY_PHASE_STRIP = NO;
				DEBUG_INFORMATION_FORMAT = "dwarf-with-dsym";
				ENABLE_NS_ASSERTIONS = NO;
				ENABLE_STRICT_OBJC_MSGSEND = YES;
				ENABLE_USER_SCRIPT_SANDBOXING = YES;
				GCC_C_LANGUAGE_STANDARD = gnu17;
				GCC_NO_COMMON_BLOCKS = YES;
				GCC_WARN_64_TO_32_BIT_CONVERSION = YES;
				GCC_WARN_ABOUT_RETURN_TYPE = YES_ERROR;
				GCC_WARN_UNDECLARED_SELECTOR = YES;
				GCC_WARN_UNINITIALIZED_AUTOS = YES_AGGRESSIVE;
				GCC_WARN_UNUSED_FUNCTION = YES;
				GCC_WARN_UNUSED_VARIABLE = YES;
				IPHONEOS_DEPLOYMENT_TARGET = 17.4;
				LOCALIZATION_PREFERS_STRING_CATALOGS = YES;
				MTL_ENABLE_DEBUG_INFO = NO;
				MTL_FAST_MATH = YES;
				SDKROOT = iphoneos;
				SWIFT_COMPILATION_MODE = wholemodule;
				VALIDATE_PRODUCT = YES;
			};
			name = Release;
		};
		F10CD68C2BD7051800514CD7 /* Debug */ = {
			isa = XCBuildConfiguration;
			buildSettings = {
				ASSETCATALOG_COMPILER_APPICON_NAME = AppIcon;
				ASSETCATALOG_COMPILER_GLOBAL_ACCENT_COLOR_NAME = AccentColor;
				CODE_SIGN_STYLE = Automatic;
				CURRENT_PROJECT_VERSION = 1;
				DEVELOPMENT_TEAM = "";
				GENERATE_INFOPLIST_FILE = YES;
				INFOPLIST_FILE = APISample/Info.plist;
				INFOPLIST_KEY_UIApplicationSupportsIndirectInputEvents = YES;
				INFOPLIST_KEY_UILaunchStoryboardName = LaunchScreen;
				INFOPLIST_KEY_UIMainStoryboardFile = Main;
				INFOPLIST_KEY_UISupportedInterfaceOrientations_iPad = "UIInterfaceOrientationPortrait UIInterfaceOrientationPortraitUpsideDown UIInterfaceOrientationLandscapeLeft UIInterfaceOrientationLandscapeRight";
				INFOPLIST_KEY_UISupportedInterfaceOrientations_iPhone = "UIInterfaceOrientationPortrait UIInterfaceOrientationLandscapeLeft UIInterfaceOrientationLandscapeRight";
				IPHONEOS_DEPLOYMENT_TARGET = 17.0;
				LD_RUNPATH_SEARCH_PATHS = (
					"$(inherited)",
					"@executable_path/Frameworks",
				);
				MARKETING_VERSION = 1.0;
				PRODUCT_BUNDLE_IDENTIFIER = com.APISample;
				PRODUCT_NAME = "$(TARGET_NAME)";
				SWIFT_EMIT_LOC_STRINGS = YES;
				SWIFT_VERSION = 5.0;
				TARGETED_DEVICE_FAMILY = "1,2";
			};
			name = Debug;
		};
		F10CD68D2BD7051800514CD7 /* Release */ = {
			isa = XCBuildConfiguration;
			buildSettings = {
				ASSETCATALOG_COMPILER_APPICON_NAME = AppIcon;
				ASSETCATALOG_COMPILER_GLOBAL_ACCENT_COLOR_NAME = AccentColor;
				CODE_SIGN_STYLE = Automatic;
				CURRENT_PROJECT_VERSION = 1;
				DEVELOPMENT_TEAM = "";
				GENERATE_INFOPLIST_FILE = YES;
				INFOPLIST_FILE = APISample/Info.plist;
				INFOPLIST_KEY_UIApplicationSupportsIndirectInputEvents = YES;
				INFOPLIST_KEY_UILaunchStoryboardName = LaunchScreen;
				INFOPLIST_KEY_UIMainStoryboardFile = Main;
				INFOPLIST_KEY_UISupportedInterfaceOrientations_iPad = "UIInterfaceOrientationPortrait UIInterfaceOrientationPortraitUpsideDown UIInterfaceOrientationLandscapeLeft UIInterfaceOrientationLandscapeRight";
				INFOPLIST_KEY_UISupportedInterfaceOrientations_iPhone = "UIInterfaceOrientationPortrait UIInterfaceOrientationLandscapeLeft UIInterfaceOrientationLandscapeRight";
				IPHONEOS_DEPLOYMENT_TARGET = 17.0;
				LD_RUNPATH_SEARCH_PATHS = (
					"$(inherited)",
					"@executable_path/Frameworks",
				);
				MARKETING_VERSION = 1.0;
				PRODUCT_BUNDLE_IDENTIFIER = com.APISample;
				PRODUCT_NAME = "$(TARGET_NAME)";
				SWIFT_EMIT_LOC_STRINGS = YES;
				SWIFT_VERSION = 5.0;
				TARGETED_DEVICE_FAMILY = "1,2";
			};
			name = Release;
		};
/* End XCBuildConfiguration section */

/* Begin XCConfigurationList section */
		F10CD6722BD7051600514CD7 /* Build configuration list for PBXProject "APISample" */ = {
			isa = XCConfigurationList;
			buildConfigurations = (
				F10CD6892BD7051800514CD7 /* Debug */,
				F10CD68A2BD7051800514CD7 /* Release */,
			);
			defaultConfigurationIsVisible = 0;
			defaultConfigurationName = Release;
		};
		F10CD68B2BD7051800514CD7 /* Build configuration list for PBXNativeTarget "APISample" */ = {
			isa = XCConfigurationList;
			buildConfigurations = (
				F10CD68C2BD7051800514CD7 /* Debug */,
				F10CD68D2BD7051800514CD7 /* Release */,
			);
			defaultConfigurationIsVisible = 0;
			defaultConfigurationName = Release;
		};
/* End XCConfigurationList section */
	};
	rootObject = F10CD66F2BD7051600514CD7 /* Project object */;
}
